
Microsoft Visual Studio Solution File, Format Version 12.00
# Visual Studio 15
VisualStudioVersion = 15.0.27703.2035
MinimumVisualStudioVersion = 10.0.40219.1
Project("{FAE04EC0-301F-11D3-BF4B-00C04F79EFBC}") = "BlendTT", "BlendTT\BlendTT.csproj", "{19289BFC-0100-462E-BF34-D3B611F9AC19}"
EndProject
Global
	GlobalSection(SolutionConfigurationPlatforms) = preSolution
		Debug|Any CPU = Debug|Any CPU
		Release|Any CPU = Release|Any CPU
	EndGlobalSection
	GlobalSection(ProjectConfigurationPlatforms) = postSolution
		{19289BFC-0100-462E-BF34-D3B611F9AC19}.Debug|Any CPU.ActiveCfg = Debug|Any CPU
		{19289BFC-0100-462E-BF34-D3B611F9AC19}.Debug|Any CPU.Build.0 = Debug|Any CPU
		{19289BFC-0100-462E-BF34-D3B611F9AC19}.Release|Any CPU.ActiveCfg = Release|Any CPU
		{19289BFC-0100-462E-BF34-D3B611F9AC19}.Release|Any CPU.Build.0 = Release|Any CPU
	EndGlobalSection
	GlobalSection(SolutionProperties) = preSolution
		HideSolutionNode = FALSE
	EndGlobalSection
	GlobalSection(ExtensibilityGlobals) = postSolution
		SolutionGuid = {F8490E8F-14D4-4C32-A2A6-268F00CC4E76}
	EndGlobalSection
EndGlobal
